
Microsoft Visual Studio Solution File, Format Version 12.00
# Visual Studio Version 17
VisualStudioVersion = 17.11.35222.181
MinimumVisualStudioVersion = 10.0.40219.1
Project("{FAE04EC0-301F-11D3-BF4B-00C04F79EFBC}") = "ShGame.Client", "ShGame.Client\ShGame.Client.csproj", "{4CB6A1FA-7906-442F-9253-1E7FD7B432CC}"
EndProject
Project("{FAE04EC0-301F-11D3-BF4B-00C04F79EFBC}") = "ShGame.Net.Server", "ShGame.Server\ShGame.Net.Server.csproj", "{3D6B68A9-3A9A-4F9E-8D2C-CB118C8AFB2F}"
EndProject
Project("{FAE04EC0-301F-11D3-BF4B-00C04F79EFBC}") = "ShGame.Net", "ShGame.Net\ShGame.Net.csproj", "{74DE330A-EB4D-4CAE-B33E-73C92E55CEC1}"
EndProject
Project("{FAE04EC0-301F-11D3-BF4B-00C04F79EFBC}") = "ShGame.Math", "ShGame.Math\ShGame.Math.csproj", "{38BF42EE-B461-4734-B413-A569D7E667A5}"
EndProject
Project("{FAE04EC0-301F-11D3-BF4B-00C04F79EFBC}") = "ShGame.Drawing", "ShGame.Drawing\ShGame.Drawing.csproj", "{933395F7-5371-4572-9876-7CB252E5339A}"
EndProject
Project("{FAE04EC0-301F-11D3-BF4B-00C04F79EFBC}") = "ShGame.Game", "ShGame.Game\ShGame.Game.csproj", "{6FCB58BD-66B9-4D4E-BBA4-0B3CC13FCC04}"
EndProject
Project("{FAE04EC0-301F-11D3-BF4B-00C04F79EFBC}") = "ShGame.Util", "ShGame.Util\ShGame.Util.csproj", "{99EE3141-1707-ED54-6BD1-59503CBD11F4}"
EndProject
Project("{FAE04EC0-301F-11D3-BF4B-00C04F79EFBC}") = "ShGame.Start", "ShGame.Start\ShGame.Start.csproj", "{ADDF337B-8687-41D6-8FD6-8D931716211D}"
EndProject
Global
	GlobalSection(SolutionConfigurationPlatforms) = preSolution
		Debug|Any CPU = Debug|Any CPU
		Release|Any CPU = Release|Any CPU
	EndGlobalSection
	GlobalSection(ProjectConfigurationPlatforms) = postSolution
		{4CB6A1FA-7906-442F-9253-1E7FD7B432CC}.Debug|Any CPU.ActiveCfg = Debug|Any CPU
		{4CB6A1FA-7906-442F-9253-1E7FD7B432CC}.Debug|Any CPU.Build.0 = Debug|Any CPU
		{4CB6A1FA-7906-442F-9253-1E7FD7B432CC}.Release|Any CPU.ActiveCfg = Release|Any CPU
		{4CB6A1FA-7906-442F-9253-1E7FD7B432CC}.Release|Any CPU.Build.0 = Release|Any CPU
		{3D6B68A9-3A9A-4F9E-8D2C-CB118C8AFB2F}.Debug|Any CPU.ActiveCfg = Debug|Any CPU
		{3D6B68A9-3A9A-4F9E-8D2C-CB118C8AFB2F}.Debug|Any CPU.Build.0 = Debug|Any CPU
		{3D6B68A9-3A9A-4F9E-8D2C-CB118C8AFB2F}.Release|Any CPU.ActiveCfg = Release|Any CPU
		{3D6B68A9-3A9A-4F9E-8D2C-CB118C8AFB2F}.Release|Any CPU.Build.0 = Release|Any CPU
		{74DE330A-EB4D-4CAE-B33E-73C92E55CEC1}.Debug|Any CPU.ActiveCfg = Debug|Any CPU
		{74DE330A-EB4D-4CAE-B33E-73C92E55CEC1}.Debug|Any CPU.Build.0 = Debug|Any CPU
		{74DE330A-EB4D-4CAE-B33E-73C92E55CEC1}.Release|Any CPU.ActiveCfg = Release|Any CPU
		{74DE330A-EB4D-4CAE-B33E-73C92E55CEC1}.Release|Any CPU.Build.0 = Release|Any CPU
		{38BF42EE-B461-4734-B413-A569D7E667A5}.Debug|Any CPU.ActiveCfg = Debug|Any CPU
		{38BF42EE-B461-4734-B413-A569D7E667A5}.Debug|Any CPU.Build.0 = Debug|Any CPU
		{38BF42EE-B461-4734-B413-A569D7E667A5}.Release|Any CPU.ActiveCfg = Release|Any CPU
		{38BF42EE-B461-4734-B413-A569D7E667A5}.Release|Any CPU.Build.0 = Release|Any CPU
		{933395F7-5371-4572-9876-7CB252E5339A}.Debug|Any CPU.ActiveCfg = Debug|Any CPU
		{933395F7-5371-4572-9876-7CB252E5339A}.Debug|Any CPU.Build.0 = Debug|Any CPU
		{933395F7-5371-4572-9876-7CB252E5339A}.Release|Any CPU.ActiveCfg = Release|Any CPU
		{933395F7-5371-4572-9876-7CB252E5339A}.Release|Any CPU.Build.0 = Release|Any CPU
		{6FCB58BD-66B9-4D4E-BBA4-0B3CC13FCC04}.Debug|Any CPU.ActiveCfg = Debug|Any CPU
		{6FCB58BD-66B9-4D4E-BBA4-0B3CC13FCC04}.Debug|Any CPU.Build.0 = Debug|Any CPU
		{6FCB58BD-66B9-4D4E-BBA4-0B3CC13FCC04}.Release|Any CPU.ActiveCfg = Release|Any CPU
		{6FCB58BD-66B9-4D4E-BBA4-0B3CC13FCC04}.Release|Any CPU.Build.0 = Release|Any CPU
		{99EE3141-1707-ED54-6BD1-59503CBD11F4}.Debug|Any CPU.ActiveCfg = Debug|Any CPU
		{99EE3141-1707-ED54-6BD1-59503CBD11F4}.Debug|Any CPU.Build.0 = Debug|Any CPU
		{99EE3141-1707-ED54-6BD1-59503CBD11F4}.Release|Any CPU.ActiveCfg = Release|Any CPU
		{99EE3141-1707-ED54-6BD1-59503CBD11F4}.Release|Any CPU.Build.0 = Release|Any CPU
		{ADDF337B-8687-41D6-8FD6-8D931716211D}.Debug|Any CPU.ActiveCfg = Debug|Any CPU
		{ADDF337B-8687-41D6-8FD6-8D931716211D}.Debug|Any CPU.Build.0 = Debug|Any CPU
		{ADDF337B-8687-41D6-8FD6-8D931716211D}.Release|Any CPU.ActiveCfg = Release|Any CPU
		{ADDF337B-8687-41D6-8FD6-8D931716211D}.Release|Any CPU.Build.0 = Release|Any CPU
	EndGlobalSection
	GlobalSection(SolutionProperties) = preSolution
		HideSolutionNode = FALSE
	EndGlobalSection
	GlobalSection(ExtensibilityGlobals) = postSolution
		SolutionGuid = {653AB3D9-F39F-406B-8D65-E1240C6D8409}
	EndGlobalSection
EndGlobal
