
Microsoft Visual Studio Solution File, Format Version 12.00
# Visual Studio Version 18
VisualStudioVersion = 18.8.12009.203
MinimumVisualStudioVersion = 10.0.40219.1
Project("{FAE04EC0-301F-11D3-BF4B-00C04F79EFBC}") = "ShGame.Client", "ShGame.Client\ShGame.Client.csproj", "{4CB6A1FA-7906-442F-9253-1E7FD7B432CC}"
EndProject
Project("{FAE04EC0-301F-11D3-BF4B-00C04F79EFBC}") = "ShGame.Net.Client", "ShGame.Net\ShGame.Net.Client.csproj", "{74DE330A-EB4D-4CAE-B33E-73C92E55CEC1}"
EndProject
Project("{FAE04EC0-301F-11D3-BF4B-00C04F79EFBC}") = "ShGame.Math", "ShGame.Math\ShGame.Math.csproj", "{38BF42EE-B461-4734-B413-A569D7E667A5}"
EndProject
Project("{FAE04EC0-301F-11D3-BF4B-00C04F79EFBC}") = "ShGame.Drawing", "ShGame.Drawing\ShGame.Drawing.csproj", "{933395F7-5371-4572-9876-7CB252E5339A}"
EndProject
Project("{FAE04EC0-301F-11D3-BF4B-00C04F79EFBC}") = "ShGame.Game", "ShGame.Game\ShGame.Game.csproj", "{6FCB58BD-66B9-4D4E-BBA4-0B3CC13FCC04}"
EndProject
Project("{FAE04EC0-301F-11D3-BF4B-00C04F79EFBC}") = "ShGame.Util", "ShGame.Util\ShGame.Util.csproj", "{99EE3141-1707-ED54-6BD1-59503CBD11F4}"
EndProject
Project("{FAE04EC0-301F-11D3-BF4B-00C04F79EFBC}") = "ShGame.Start", "ShGame.Start\ShGame.Start.csproj", "{ADDF337B-8687-41D6-8FD6-8D931716211D}"
EndProject
Project("{FAE04EC0-301F-11D3-BF4B-00C04F79EFBC}") = "ShGame.Types", "ShGame.Types\ShGame.Types.csproj", "{7020349F-A8A7-4368-B65C-C02BE9E77138}"
EndProject
Project("{FAE04EC0-301F-11D3-BF4B-00C04F79EFBC}") = "ShGame.Net.Shared", "Shgame.Net.Shared\ShGame.Net.Shared.csproj", "{82C89F29-82D2-476C-87C9-27C296C08F1B}"
EndProject
Project("{FAE04EC0-301F-11D3-BF4B-00C04F79EFBC}") = "ShGame.Rendering", "ShGame.Rendering\ShGame.Rendering.csproj", "{76D185F2-7E17-F8BE-BBD3-E3966D32A484}"
EndProject
Project("{FAE04EC0-301F-11D3-BF4B-00C04F79EFBC}") = "ShGame.Net.Server", "ShGame.Net.Server\ShGame.Net.Server.csproj", "{5260E175-0847-854A-8EB7-0E270D6205CF}"
EndProject
Global
	GlobalSection(SolutionConfigurationPlatforms) = preSolution
		Debug|Any CPU = Debug|Any CPU
		Release|Any CPU = Release|Any CPU
	EndGlobalSection
	GlobalSection(ProjectConfigurationPlatforms) = postSolution
		{4CB6A1FA-7906-442F-9253-1E7FD7B432CC}.Debug|Any CPU.ActiveCfg = Debug|Any CPU
		{4CB6A1FA-7906-442F-9253-1E7FD7B432CC}.Debug|Any CPU.Build.0 = Debug|Any CPU
		{4CB6A1FA-7906-442F-9253-1E7FD7B432CC}.Release|Any CPU.ActiveCfg = Release|Any CPU
		{4CB6A1FA-7906-442F-9253-1E7FD7B432CC}.Release|Any CPU.Build.0 = Release|Any CPU
		{74DE330A-EB4D-4CAE-B33E-73C92E55CEC1}.Debug|Any CPU.ActiveCfg = Debug|Any CPU
		{74DE330A-EB4D-4CAE-B33E-73C92E55CEC1}.Debug|Any CPU.Build.0 = Debug|Any CPU
		{74DE330A-EB4D-4CAE-B33E-73C92E55CEC1}.Release|Any CPU.ActiveCfg = Release|Any CPU
		{74DE330A-EB4D-4CAE-B33E-73C92E55CEC1}.Release|Any CPU.Build.0 = Release|Any CPU
		{38BF42EE-B461-4734-B413-A569D7E667A5}.Debug|Any CPU.ActiveCfg = Debug|Any CPU
		{38BF42EE-B461-4734-B413-A569D7E667A5}.Debug|Any CPU.Build.0 = Debug|Any CPU
		{38BF42EE-B461-4734-B413-A569D7E667A5}.Release|Any CPU.ActiveCfg = Release|Any CPU
		{38BF42EE-B461-4734-B413-A569D7E667A5}.Release|Any CPU.Build.0 = Release|Any CPU
		{933395F7-5371-4572-9876-7CB252E5339A}.Debug|Any CPU.ActiveCfg = Debug|Any CPU
		{933395F7-5371-4572-9876-7CB252E5339A}.Debug|Any CPU.Build.0 = Debug|Any CPU
		{933395F7-5371-4572-9876-7CB252E5339A}.Release|Any CPU.ActiveCfg = Release|Any CPU
		{933395F7-5371-4572-9876-7CB252E5339A}.Release|Any CPU.Build.0 = Release|Any CPU
		{6FCB58BD-66B9-4D4E-BBA4-0B3CC13FCC04}.Debug|Any CPU.ActiveCfg = Debug|Any CPU
		{6FCB58BD-66B9-4D4E-BBA4-0B3CC13FCC04}.Debug|Any CPU.Build.0 = Debug|Any CPU
		{6FCB58BD-66B9-4D4E-BBA4-0B3CC13FCC04}.Release|Any CPU.ActiveCfg = Release|Any CPU
		{6FCB58BD-66B9-4D4E-BBA4-0B3CC13FCC04}.Release|Any CPU.Build.0 = Release|Any CPU
		{99EE3141-1707-ED54-6BD1-59503CBD11F4}.Debug|Any CPU.ActiveCfg = Debug|Any CPU
		{99EE3141-1707-ED54-6BD1-59503CBD11F4}.Debug|Any CPU.Build.0 = Debug|Any CPU
		{99EE3141-1707-ED54-6BD1-59503CBD11F4}.Release|Any CPU.ActiveCfg = Release|Any CPU
		{99EE3141-1707-ED54-6BD1-59503CBD11F4}.Release|Any CPU.Build.0 = Release|Any CPU
		{ADDF337B-8687-41D6-8FD6-8D931716211D}.Debug|Any CPU.ActiveCfg = Debug|Any CPU
		{ADDF337B-8687-41D6-8FD6-8D931716211D}.Debug|Any CPU.Build.0 = Debug|Any CPU
		{ADDF337B-8687-41D6-8FD6-8D931716211D}.Release|Any CPU.ActiveCfg = Release|Any CPU
		{ADDF337B-8687-41D6-8FD6-8D931716211D}.Release|Any CPU.Build.0 = Release|Any CPU
		{7020349F-A8A7-4368-B65C-C02BE9E77138}.Debug|Any CPU.ActiveCfg = Debug|Any CPU
		{7020349F-A8A7-4368-B65C-C02BE9E77138}.Debug|Any CPU.Build.0 = Debug|Any CPU
		{7020349F-A8A7-4368-B65C-C02BE9E77138}.Release|Any CPU.ActiveCfg = Release|Any CPU
		{7020349F-A8A7-4368-B65C-C02BE9E77138}.Release|Any CPU.Build.0 = Release|Any CPU
		{82C89F29-82D2-476C-87C9-27C296C08F1B}.Debug|Any CPU.ActiveCfg = Debug|Any CPU
		{82C89F29-82D2-476C-87C9-27C296C08F1B}.Debug|Any CPU.Build.0 = Debug|Any CPU
		{82C89F29-82D2-476C-87C9-27C296C08F1B}.Release|Any CPU.ActiveCfg = Release|Any CPU
		{82C89F29-82D2-476C-87C9-27C296C08F1B}.Release|Any CPU.Build.0 = Release|Any CPU
		{76D185F2-7E17-F8BE-BBD3-E3966D32A484}.Debug|Any CPU.ActiveCfg = Debug|Any CPU
		{76D185F2-7E17-F8BE-BBD3-E3966D32A484}.Debug|Any CPU.Build.0 = Debug|Any CPU
		{76D185F2-7E17-F8BE-BBD3-E3966D32A484}.Release|Any CPU.ActiveCfg = Release|Any CPU
		{76D185F2-7E17-F8BE-BBD3-E3966D32A484}.Release|Any CPU.Build.0 = Release|Any CPU
		{5260E175-0847-854A-8EB7-0E270D6205CF}.Debug|Any CPU.ActiveCfg = Debug|Any CPU
		{5260E175-0847-854A-8EB7-0E270D6205CF}.Debug|Any CPU.Build.0 = Debug|Any CPU
		{5260E175-0847-854A-8EB7-0E270D6205CF}.Release|Any CPU.ActiveCfg = Release|Any CPU
		{5260E175-0847-854A-8EB7-0E270D6205CF}.Release|Any CPU.Build.0 = Release|Any CPU
	EndGlobalSection
	GlobalSection(SolutionProperties) = preSolution
		HideSolutionNode = FALSE
	EndGlobalSection
	GlobalSection(ExtensibilityGlobals) = postSolution
		SolutionGuid = {653AB3D9-F39F-406B-8D65-E1240C6D8409}
	EndGlobalSection
EndGlobal
